// !$*UTF8*$!
{
	archiveVersion = 1;
	classes = {
	};
	objectVersion = 55;
	objects = {

/* Begin PBXBuildFile section */
		1A14F143280631EA001CA26E /* Ami.swift in Sources */ = {isa = PBXBuildFile; fileRef = 1A14F142280631EA001CA26E /* Ami.swift */; };
		1A14F1452806336E001CA26E /* RealmManager.swift in Sources */ = {isa = PBXBuildFile; fileRef = 1A14F1442806336E001CA26E /* RealmManager.swift */; };
		1A14F147280633B8001CA26E /* NameAmiView.swift in Sources */ = {isa = PBXBuildFile; fileRef = 1A14F146280633B8001CA26E /* NameAmiView.swift */; };
		1A14F14928074602001CA26E /* CreateAmi.swift in Sources */ = {isa = PBXBuildFile; fileRef = 1A14F14828074602001CA26E /* CreateAmi.swift */; };
		1AF3EA6D2809D62D003618C4 /* RotateLeft.gif in Resources */ = {isa = PBXBuildFile; fileRef = 1AF3EA6C2809D62D003618C4 /* RotateLeft.gif */; };
		768DCACB2807785F0046D2D1 /* ButtonBar.swift in Sources */ = {isa = PBXBuildFile; fileRef = 768DCACA2807785F0046D2D1 /* ButtonBar.swift */; };
		768DCADB28093E840046D2D1 /* GifImage.swift in Sources */ = {isa = PBXBuildFile; fileRef = 768DCADA28093E840046D2D1 /* GifImage.swift */; };
		768DCAE22809F8550046D2D1 /* BabyCrack.gif in Resources */ = {isa = PBXBuildFile; fileRef = 768DCAE12809F8550046D2D1 /* BabyCrack.gif */; };
		768DCAE42809F85A0046D2D1 /* EggEating.gif in Resources */ = {isa = PBXBuildFile; fileRef = 768DCAE32809F85A0046D2D1 /* EggEating.gif */; };
		768DCAE62809F85E0046D2D1 /* SleepingEgg.gif in Resources */ = {isa = PBXBuildFile; fileRef = 768DCAE52809F85E0046D2D1 /* SleepingEgg.gif */; };
		768DCAE82809F8670046D2D1 /* HeartEgg.gif in Resources */ = {isa = PBXBuildFile; fileRef = 768DCAE72809F8670046D2D1 /* HeartEgg.gif */; };
		768DCAEA280A21CE0046D2D1 /* Still.gif in Resources */ = {isa = PBXBuildFile; fileRef = 768DCAE9280A21CE0046D2D1 /* Still.gif */; };
		768DCAEC280A31E90046D2D1 /* poopEgg.gif in Resources */ = {isa = PBXBuildFile; fileRef = 768DCAEB280A31E90046D2D1 /* poopEgg.gif */; };
		768DCAF2280B82250046D2D1 /* BabyHeart.gif in Resources */ = {isa = PBXBuildFile; fileRef = 768DCAED280B82250046D2D1 /* BabyHeart.gif */; };
		768DCAF3280B82250046D2D1 /* BabyEat.gif in Resources */ = {isa = PBXBuildFile; fileRef = 768DCAEE280B82250046D2D1 /* BabyEat.gif */; };
		768DCAF4280B82250046D2D1 /* BabySleep.gif in Resources */ = {isa = PBXBuildFile; fileRef = 768DCAEF280B82250046D2D1 /* BabySleep.gif */; };
		768DCAF5280B82250046D2D1 /* BabyStill.gif in Resources */ = {isa = PBXBuildFile; fileRef = 768DCAF0280B82250046D2D1 /* BabyStill.gif */; };
		768DCAF6280B82250046D2D1 /* BabyStink.gif in Resources */ = {isa = PBXBuildFile; fileRef = 768DCAF1280B82250046D2D1 /* BabyStink.gif */; };
		768DCAF9280BB4710046D2D1 /* TeenHeart.gif in Resources */ = {isa = PBXBuildFile; fileRef = 768DCAF7280BB4710046D2D1 /* TeenHeart.gif */; };
		768DCAFA280BB4710046D2D1 /* TeenSleep.gif in Resources */ = {isa = PBXBuildFile; fileRef = 768DCAF8280BB4710046D2D1 /* TeenSleep.gif */; };
		768DCAFE280BB4760046D2D1 /* TeenEat.gif in Resources */ = {isa = PBXBuildFile; fileRef = 768DCAFB280BB4760046D2D1 /* TeenEat.gif */; };
		768DCAFF280BB4760046D2D1 /* TeenStink.gif in Resources */ = {isa = PBXBuildFile; fileRef = 768DCAFC280BB4760046D2D1 /* TeenStink.gif */; };
		768DCB00280BB4760046D2D1 /* TeenMove.gif in Resources */ = {isa = PBXBuildFile; fileRef = 768DCAFD280BB4760046D2D1 /* TeenMove.gif */; };
		B76B70502805E45300CA1DAD /* petit_amiApp.swift in Sources */ = {isa = PBXBuildFile; fileRef = B76B704F2805E45300CA1DAD /* petit_amiApp.swift */; };
		B76B70522805E45300CA1DAD /* ContentView.swift in Sources */ = {isa = PBXBuildFile; fileRef = B76B70512805E45300CA1DAD /* ContentView.swift */; };
		B76B70542805E45600CA1DAD /* Assets.xcassets in Resources */ = {isa = PBXBuildFile; fileRef = B76B70532805E45600CA1DAD /* Assets.xcassets */; };
		B76B70572805E45600CA1DAD /* Preview Assets.xcassets in Resources */ = {isa = PBXBuildFile; fileRef = B76B70562805E45600CA1DAD /* Preview Assets.xcassets */; };
		B76B705E2805E76900CA1DAD /* README.md in Resources */ = {isa = PBXBuildFile; fileRef = B76B705D2805E76900CA1DAD /* README.md */; };
		B778043128061CAE009E9FD1 /* Realm in Frameworks */ = {isa = PBXBuildFile; productRef = B778043028061CAE009E9FD1 /* Realm */; };
		B778043328061CAF009E9FD1 /* RealmSwift in Frameworks */ = {isa = PBXBuildFile; productRef = B778043228061CAF009E9FD1 /* RealmSwift */; };
		B778043728061F41009E9FD1 /* StatusBars.swift in Sources */ = {isa = PBXBuildFile; fileRef = B778043628061F41009E9FD1 /* StatusBars.swift */; };
		B778043928061F59009E9FD1 /* FeedButton.swift in Sources */ = {isa = PBXBuildFile; fileRef = B778043828061F59009E9FD1 /* FeedButton.swift */; };
		B778043B28061F62009E9FD1 /* SleepButton.swift in Sources */ = {isa = PBXBuildFile; fileRef = B778043A28061F62009E9FD1 /* SleepButton.swift */; };
		B778043D28061F73009E9FD1 /* DrinkButton.swift in Sources */ = {isa = PBXBuildFile; fileRef = B778043C28061F73009E9FD1 /* DrinkButton.swift */; };
		B778043F28061F8A009E9FD1 /* PetButton.swift in Sources */ = {isa = PBXBuildFile; fileRef = B778043E28061F8A009E9FD1 /* PetButton.swift */; };
		B7A354462808D7B5006067D9 /* InstructionsView.swift in Sources */ = {isa = PBXBuildFile; fileRef = B7A354452808D7B5006067D9 /* InstructionsView.swift */; };
		B7CF2D102809EA4600D02EFF /* WidgetKit.framework in Frameworks */ = {isa = PBXBuildFile; fileRef = B7CF2D0F2809EA4600D02EFF /* WidgetKit.framework */; };
		B7CF2D122809EA4600D02EFF /* SwiftUI.framework in Frameworks */ = {isa = PBXBuildFile; fileRef = B7CF2D112809EA4600D02EFF /* SwiftUI.framework */; };
		B7CF2D152809EA4600D02EFF /* petit_ami_widget.swift in Sources */ = {isa = PBXBuildFile; fileRef = B7CF2D142809EA4600D02EFF /* petit_ami_widget.swift */; };
		B7CF2D172809EA4700D02EFF /* Assets.xcassets in Resources */ = {isa = PBXBuildFile; fileRef = B7CF2D162809EA4700D02EFF /* Assets.xcassets */; };
		B7CF2D1B2809EA4700D02EFF /* petit-ami-widgetExtension.appex in Embed App Extensions */ = {isa = PBXBuildFile; fileRef = B7CF2D0D2809EA4600D02EFF /* petit-ami-widgetExtension.appex */; settings = {ATTRIBUTES = (RemoveHeadersOnCopy, ); }; };
/* End PBXBuildFile section */

/* Begin PBXContainerItemProxy section */
		B7CF2D192809EA4700D02EFF /* PBXContainerItemProxy */ = {
			isa = PBXContainerItemProxy;
			containerPortal = B76B70442805E45300CA1DAD /* Project object */;
			proxyType = 1;
			remoteGlobalIDString = B7CF2D0C2809EA4600D02EFF;
			remoteInfo = "petit-ami-widgetExtension";
		};
/* End PBXContainerItemProxy section */

/* Begin PBXCopyFilesBuildPhase section */
		B7CF2D1C2809EA4700D02EFF /* Embed App Extensions */ = {
			isa = PBXCopyFilesBuildPhase;
			buildActionMask = 2147483647;
			dstPath = "";
			dstSubfolderSpec = 13;
			files = (
				B7CF2D1B2809EA4700D02EFF /* petit-ami-widgetExtension.appex in Embed App Extensions */,
			);
			name = "Embed App Extensions";
			runOnlyForDeploymentPostprocessing = 0;
		};
/* End PBXCopyFilesBuildPhase section */

/* Begin PBXFileReference section */
		1A14F142280631EA001CA26E /* Ami.swift */ = {isa = PBXFileReference; lastKnownFileType = sourcecode.swift; path = Ami.swift; sourceTree = "<group>"; };
		1A14F1442806336E001CA26E /* RealmManager.swift */ = {isa = PBXFileReference; lastKnownFileType = sourcecode.swift; path = RealmManager.swift; sourceTree = "<group>"; };
		1A14F146280633B8001CA26E /* NameAmiView.swift */ = {isa = PBXFileReference; lastKnownFileType = sourcecode.swift; path = NameAmiView.swift; sourceTree = "<group>"; };
		1A14F14828074602001CA26E /* CreateAmi.swift */ = {isa = PBXFileReference; lastKnownFileType = sourcecode.swift; path = CreateAmi.swift; sourceTree = "<group>"; };
		1AAA3A5C2805E749006318D3 /* README.md */ = {isa = PBXFileReference; fileEncoding = 4; lastKnownFileType = net.daringfireball.markdown; path = README.md; sourceTree = "<group>"; };
		1AF3EA6C2809D62D003618C4 /* RotateLeft.gif */ = {isa = PBXFileReference; lastKnownFileType = image.gif; path = RotateLeft.gif; sourceTree = "<group>"; };
		768DCACA2807785F0046D2D1 /* ButtonBar.swift */ = {isa = PBXFileReference; lastKnownFileType = sourcecode.swift; path = ButtonBar.swift; sourceTree = "<group>"; };
		768DCADA28093E840046D2D1 /* GifImage.swift */ = {isa = PBXFileReference; lastKnownFileType = sourcecode.swift; path = GifImage.swift; sourceTree = "<group>"; };
		768DCADE280944100046D2D1 /* RotateRight.gif */ = {isa = PBXFileReference; lastKnownFileType = image.gif; path = RotateRight.gif; sourceTree = "<group>"; };
		768DCAE12809F8550046D2D1 /* BabyCrack.gif */ = {isa = PBXFileReference; lastKnownFileType = image.gif; name = BabyCrack.gif; path = ../../../../Downloads/BabyCrack.gif; sourceTree = "<group>"; };
		768DCAE32809F85A0046D2D1 /* EggEating.gif */ = {isa = PBXFileReference; lastKnownFileType = image.gif; name = EggEating.gif; path = ../../../../Downloads/EggEating.gif; sourceTree = "<group>"; };
		768DCAE52809F85E0046D2D1 /* SleepingEgg.gif */ = {isa = PBXFileReference; lastKnownFileType = image.gif; name = SleepingEgg.gif; path = ../../../../Downloads/SleepingEgg.gif; sourceTree = "<group>"; };
		768DCAE72809F8670046D2D1 /* HeartEgg.gif */ = {isa = PBXFileReference; lastKnownFileType = image.gif; name = HeartEgg.gif; path = ../../../../Downloads/HeartEgg.gif; sourceTree = "<group>"; };
		768DCAE9280A21CE0046D2D1 /* Still.gif */ = {isa = PBXFileReference; lastKnownFileType = image.gif; name = Still.gif; path = ../../../../Downloads/Still.gif; sourceTree = "<group>"; };
		768DCAEB280A31E90046D2D1 /* poopEgg.gif */ = {isa = PBXFileReference; lastKnownFileType = image.gif; name = poopEgg.gif; path = ../../../../Downloads/poopEgg.gif; sourceTree = "<group>"; };
		768DCAED280B82250046D2D1 /* BabyHeart.gif */ = {isa = PBXFileReference; lastKnownFileType = image.gif; name = BabyHeart.gif; path = ../../../../Downloads/BabyHeart.gif; sourceTree = "<group>"; };
		768DCAEE280B82250046D2D1 /* BabyEat.gif */ = {isa = PBXFileReference; lastKnownFileType = image.gif; name = BabyEat.gif; path = ../../../../Downloads/BabyEat.gif; sourceTree = "<group>"; };
		768DCAEF280B82250046D2D1 /* BabySleep.gif */ = {isa = PBXFileReference; lastKnownFileType = image.gif; name = BabySleep.gif; path = ../../../../Downloads/BabySleep.gif; sourceTree = "<group>"; };
		768DCAF0280B82250046D2D1 /* BabyStill.gif */ = {isa = PBXFileReference; lastKnownFileType = image.gif; name = BabyStill.gif; path = ../../../../Downloads/BabyStill.gif; sourceTree = "<group>"; };
		768DCAF1280B82250046D2D1 /* BabyStink.gif */ = {isa = PBXFileReference; lastKnownFileType = image.gif; name = BabyStink.gif; path = ../../../../Downloads/BabyStink.gif; sourceTree = "<group>"; };
		768DCAF7280BB4710046D2D1 /* TeenHeart.gif */ = {isa = PBXFileReference; lastKnownFileType = image.gif; name = TeenHeart.gif; path = ../../../../Downloads/TeenHeart.gif; sourceTree = "<group>"; };
		768DCAF8280BB4710046D2D1 /* TeenSleep.gif */ = {isa = PBXFileReference; lastKnownFileType = image.gif; name = TeenSleep.gif; path = ../../../../Downloads/TeenSleep.gif; sourceTree = "<group>"; };
		768DCAFB280BB4760046D2D1 /* TeenEat.gif */ = {isa = PBXFileReference; lastKnownFileType = image.gif; name = TeenEat.gif; path = ../../../../Downloads/TeenEat.gif; sourceTree = "<group>"; };
		768DCAFC280BB4760046D2D1 /* TeenStink.gif */ = {isa = PBXFileReference; lastKnownFileType = image.gif; name = TeenStink.gif; path = ../../../../Downloads/TeenStink.gif; sourceTree = "<group>"; };
		768DCAFD280BB4760046D2D1 /* TeenMove.gif */ = {isa = PBXFileReference; lastKnownFileType = image.gif; name = TeenMove.gif; path = ../../../../Downloads/TeenMove.gif; sourceTree = "<group>"; };
		B76B704C2805E45300CA1DAD /* petit-ami.app */ = {isa = PBXFileReference; explicitFileType = wrapper.application; includeInIndex = 0; path = "petit-ami.app"; sourceTree = BUILT_PRODUCTS_DIR; };
		B76B704F2805E45300CA1DAD /* petit_amiApp.swift */ = {isa = PBXFileReference; lastKnownFileType = sourcecode.swift; path = petit_amiApp.swift; sourceTree = "<group>"; };
		B76B70512805E45300CA1DAD /* ContentView.swift */ = {isa = PBXFileReference; lastKnownFileType = sourcecode.swift; path = ContentView.swift; sourceTree = "<group>"; };
		B76B70532805E45600CA1DAD /* Assets.xcassets */ = {isa = PBXFileReference; lastKnownFileType = folder.assetcatalog; path = Assets.xcassets; sourceTree = "<group>"; };
		B76B70562805E45600CA1DAD /* Preview Assets.xcassets */ = {isa = PBXFileReference; lastKnownFileType = folder.assetcatalog; path = "Preview Assets.xcassets"; sourceTree = "<group>"; };
		B76B705D2805E76900CA1DAD /* README.md */ = {isa = PBXFileReference; fileEncoding = 4; lastKnownFileType = net.daringfireball.markdown; path = README.md; sourceTree = SOURCE_ROOT; };
		B778043628061F41009E9FD1 /* StatusBars.swift */ = {isa = PBXFileReference; lastKnownFileType = sourcecode.swift; path = StatusBars.swift; sourceTree = "<group>"; };
		B778043828061F59009E9FD1 /* FeedButton.swift */ = {isa = PBXFileReference; lastKnownFileType = sourcecode.swift; path = FeedButton.swift; sourceTree = "<group>"; };
		B778043A28061F62009E9FD1 /* SleepButton.swift */ = {isa = PBXFileReference; lastKnownFileType = sourcecode.swift; path = SleepButton.swift; sourceTree = "<group>"; };
		B778043C28061F73009E9FD1 /* DrinkButton.swift */ = {isa = PBXFileReference; lastKnownFileType = sourcecode.swift; path = DrinkButton.swift; sourceTree = "<group>"; };
		B778043E28061F8A009E9FD1 /* PetButton.swift */ = {isa = PBXFileReference; lastKnownFileType = sourcecode.swift; path = PetButton.swift; sourceTree = "<group>"; };
		B7A354452808D7B5006067D9 /* InstructionsView.swift */ = {isa = PBXFileReference; lastKnownFileType = sourcecode.swift; path = InstructionsView.swift; sourceTree = "<group>"; };
		B7CF2D0D2809EA4600D02EFF /* petit-ami-widgetExtension.appex */ = {isa = PBXFileReference; explicitFileType = "wrapper.app-extension"; includeInIndex = 0; path = "petit-ami-widgetExtension.appex"; sourceTree = BUILT_PRODUCTS_DIR; };
		B7CF2D0F2809EA4600D02EFF /* WidgetKit.framework */ = {isa = PBXFileReference; lastKnownFileType = wrapper.framework; name = WidgetKit.framework; path = System/Library/Frameworks/WidgetKit.framework; sourceTree = SDKROOT; };
		B7CF2D112809EA4600D02EFF /* SwiftUI.framework */ = {isa = PBXFileReference; lastKnownFileType = wrapper.framework; name = SwiftUI.framework; path = System/Library/Frameworks/SwiftUI.framework; sourceTree = SDKROOT; };
		B7CF2D142809EA4600D02EFF /* petit_ami_widget.swift */ = {isa = PBXFileReference; lastKnownFileType = sourcecode.swift; path = petit_ami_widget.swift; sourceTree = "<group>"; };
		B7CF2D162809EA4700D02EFF /* Assets.xcassets */ = {isa = PBXFileReference; lastKnownFileType = folder.assetcatalog; path = Assets.xcassets; sourceTree = "<group>"; };
		B7CF2D182809EA4700D02EFF /* Info.plist */ = {isa = PBXFileReference; lastKnownFileType = text.plist.xml; path = Info.plist; sourceTree = "<group>"; };
		B7CF2D202809F3B300D02EFF /* petit-ami.entitlements */ = {isa = PBXFileReference; lastKnownFileType = text.plist.entitlements; path = "petit-ami.entitlements"; sourceTree = "<group>"; };
/* End PBXFileReference section */

/* Begin PBXFrameworksBuildPhase section */
		B76B70492805E45300CA1DAD /* Frameworks */ = {
			isa = PBXFrameworksBuildPhase;
			buildActionMask = 2147483647;
			files = (
				B778043328061CAF009E9FD1 /* RealmSwift in Frameworks */,
				B778043128061CAE009E9FD1 /* Realm in Frameworks */,
			);
			runOnlyForDeploymentPostprocessing = 0;
		};
		B7CF2D0A2809EA4600D02EFF /* Frameworks */ = {
			isa = PBXFrameworksBuildPhase;
			buildActionMask = 2147483647;
			files = (
				B7CF2D122809EA4600D02EFF /* SwiftUI.framework in Frameworks */,
				B7CF2D102809EA4600D02EFF /* WidgetKit.framework in Frameworks */,
			);
			runOnlyForDeploymentPostprocessing = 0;
		};
/* End PBXFrameworksBuildPhase section */

/* Begin PBXGroup section */
		B76B70432805E45300CA1DAD = {
			isa = PBXGroup;
			children = (
				1AAA3A5C2805E749006318D3 /* README.md */,
				B76B704E2805E45300CA1DAD /* petit-ami */,
				B7CF2D132809EA4600D02EFF /* petit-ami-widget */,
				B7CF2D0E2809EA4600D02EFF /* Frameworks */,
				B76B704D2805E45300CA1DAD /* Products */,
			);
			sourceTree = "<group>";
		};
		B76B704D2805E45300CA1DAD /* Products */ = {
			isa = PBXGroup;
			children = (
				B76B704C2805E45300CA1DAD /* petit-ami.app */,
				B7CF2D0D2809EA4600D02EFF /* petit-ami-widgetExtension.appex */,
			);
			name = Products;
			sourceTree = "<group>";
		};
		B76B704E2805E45300CA1DAD /* petit-ami */ = {
			isa = PBXGroup;
			children = (
				B7CF2D202809F3B300D02EFF /* petit-ami.entitlements */,
				B778043528061EDA009E9FD1 /* Components */,
				B778043428061ECD009E9FD1 /* Views */,
				B76B705D2805E76900CA1DAD /* README.md */,
				B76B704F2805E45300CA1DAD /* petit_amiApp.swift */,
				B76B70532805E45600CA1DAD /* Assets.xcassets */,
				B76B70552805E45600CA1DAD /* Preview Content */,
				1A14F142280631EA001CA26E /* Ami.swift */,
				1A14F1442806336E001CA26E /* RealmManager.swift */,
			);
			path = "petit-ami";
			sourceTree = "<group>";
		};
		B76B70552805E45600CA1DAD /* Preview Content */ = {
			isa = PBXGroup;
			children = (
				B76B70562805E45600CA1DAD /* Preview Assets.xcassets */,
			);
			path = "Preview Content";
			sourceTree = "<group>";
		};
		B778043428061ECD009E9FD1 /* Views */ = {
			isa = PBXGroup;
			children = (
				B76B70512805E45300CA1DAD /* ContentView.swift */,
				1A14F146280633B8001CA26E /* NameAmiView.swift */,
				B7A354452808D7B5006067D9 /* InstructionsView.swift */,
			);
			path = Views;
			sourceTree = "<group>";
		};
		B778043528061EDA009E9FD1 /* Components */ = {
			isa = PBXGroup;
			children = (
				768DCAFB280BB4760046D2D1 /* TeenEat.gif */,
				768DCAFD280BB4760046D2D1 /* TeenMove.gif */,
				768DCAFC280BB4760046D2D1 /* TeenStink.gif */,
				768DCAF7280BB4710046D2D1 /* TeenHeart.gif */,
				768DCAF8280BB4710046D2D1 /* TeenSleep.gif */,
				768DCAEE280B82250046D2D1 /* BabyEat.gif */,
				768DCAED280B82250046D2D1 /* BabyHeart.gif */,
				768DCAEF280B82250046D2D1 /* BabySleep.gif */,
				768DCAF0280B82250046D2D1 /* BabyStill.gif */,
				768DCAF1280B82250046D2D1 /* BabyStink.gif */,
				768DCADE280944100046D2D1 /* RotateRight.gif */,
				1AF3EA6C2809D62D003618C4 /* RotateLeft.gif */,
				768DCAE52809F85E0046D2D1 /* SleepingEgg.gif */,
				768DCAE72809F8670046D2D1 /* HeartEgg.gif */,
				768DCAE9280A21CE0046D2D1 /* Still.gif */,
				768DCAE12809F8550046D2D1 /* BabyCrack.gif */,
				768DCAE32809F85A0046D2D1 /* EggEating.gif */,
				768DCAEB280A31E90046D2D1 /* poopEgg.gif */,
				B778043628061F41009E9FD1 /* StatusBars.swift */,
				B778043828061F59009E9FD1 /* FeedButton.swift */,
				B778043A28061F62009E9FD1 /* SleepButton.swift */,
				B778043C28061F73009E9FD1 /* DrinkButton.swift */,
				B778043E28061F8A009E9FD1 /* PetButton.swift */,
				1A14F14828074602001CA26E /* CreateAmi.swift */,
				768DCACA2807785F0046D2D1 /* ButtonBar.swift */,
				768DCADA28093E840046D2D1 /* GifImage.swift */,
			);
			path = Components;
			sourceTree = "<group>";
		};
		B7CF2D0E2809EA4600D02EFF /* Frameworks */ = {
			isa = PBXGroup;
			children = (
				B7CF2D0F2809EA4600D02EFF /* WidgetKit.framework */,
				B7CF2D112809EA4600D02EFF /* SwiftUI.framework */,
			);
			name = Frameworks;
			sourceTree = "<group>";
		};
		B7CF2D132809EA4600D02EFF /* petit-ami-widget */ = {
			isa = PBXGroup;
			children = (
				B7CF2D142809EA4600D02EFF /* petit_ami_widget.swift */,
				B7CF2D162809EA4700D02EFF /* Assets.xcassets */,
				B7CF2D182809EA4700D02EFF /* Info.plist */,
			);
			path = "petit-ami-widget";
			sourceTree = "<group>";
		};
/* End PBXGroup section */

/* Begin PBXNativeTarget section */
		B76B704B2805E45300CA1DAD /* petit-ami */ = {
			isa = PBXNativeTarget;
			buildConfigurationList = B76B705A2805E45600CA1DAD /* Build configuration list for PBXNativeTarget "petit-ami" */;
			buildPhases = (
				B76B70482805E45300CA1DAD /* Sources */,
				B76B70492805E45300CA1DAD /* Frameworks */,
				B76B704A2805E45300CA1DAD /* Resources */,
				B7CF2D1C2809EA4700D02EFF /* Embed App Extensions */,
			);
			buildRules = (
			);
			dependencies = (
				B7CF2D1A2809EA4700D02EFF /* PBXTargetDependency */,
			);
			name = "petit-ami";
			packageProductDependencies = (
				B778043028061CAE009E9FD1 /* Realm */,
				B778043228061CAF009E9FD1 /* RealmSwift */,
			);
			productName = "petit-ami";
			productReference = B76B704C2805E45300CA1DAD /* petit-ami.app */;
			productType = "com.apple.product-type.application";
		};
		B7CF2D0C2809EA4600D02EFF /* petit-ami-widgetExtension */ = {
			isa = PBXNativeTarget;
			buildConfigurationList = B7CF2D1F2809EA4700D02EFF /* Build configuration list for PBXNativeTarget "petit-ami-widgetExtension" */;
			buildPhases = (
				B7CF2D092809EA4600D02EFF /* Sources */,
				B7CF2D0A2809EA4600D02EFF /* Frameworks */,
				B7CF2D0B2809EA4600D02EFF /* Resources */,
			);
			buildRules = (
			);
			dependencies = (
			);
			name = "petit-ami-widgetExtension";
			productName = "petit-ami-widgetExtension";
			productReference = B7CF2D0D2809EA4600D02EFF /* petit-ami-widgetExtension.appex */;
			productType = "com.apple.product-type.app-extension";
		};
/* End PBXNativeTarget section */

/* Begin PBXProject section */
		B76B70442805E45300CA1DAD /* Project object */ = {
			isa = PBXProject;
			attributes = {
				BuildIndependentTargetsInParallel = 1;
				LastSwiftUpdateCheck = 1330;
				LastUpgradeCheck = 1330;
				TargetAttributes = {
					B76B704B2805E45300CA1DAD = {
						CreatedOnToolsVersion = 13.3.1;
					};
					B7CF2D0C2809EA4600D02EFF = {
						CreatedOnToolsVersion = 13.3.1;
					};
				};
			};
			buildConfigurationList = B76B70472805E45300CA1DAD /* Build configuration list for PBXProject "petit-ami" */;
			compatibilityVersion = "Xcode 13.0";
			developmentRegion = en;
			hasScannedForEncodings = 0;
			knownRegions = (
				en,
				Base,
			);
			mainGroup = B76B70432805E45300CA1DAD;
			packageReferences = (
				B778042F28061CAE009E9FD1 /* XCRemoteSwiftPackageReference "realm-swift" */,
			);
			productRefGroup = B76B704D2805E45300CA1DAD /* Products */;
			projectDirPath = "";
			projectRoot = "";
			targets = (
				B76B704B2805E45300CA1DAD /* petit-ami */,
				B7CF2D0C2809EA4600D02EFF /* petit-ami-widgetExtension */,
			);
		};
/* End PBXProject section */

/* Begin PBXResourcesBuildPhase section */
		B76B704A2805E45300CA1DAD /* Resources */ = {
			isa = PBXResourcesBuildPhase;
			buildActionMask = 2147483647;
			files = (
				1AF3EA6D2809D62D003618C4 /* RotateLeft.gif in Resources */,
				768DCAF9280BB4710046D2D1 /* TeenHeart.gif in Resources */,
				768DCAF6280B82250046D2D1 /* BabyStink.gif in Resources */,
				B76B705E2805E76900CA1DAD /* README.md in Resources */,
				B76B70572805E45600CA1DAD /* Preview Assets.xcassets in Resources */,
				768DCAF5280B82250046D2D1 /* BabyStill.gif in Resources */,
				768DCAF2280B82250046D2D1 /* BabyHeart.gif in Resources */,
				B76B70542805E45600CA1DAD /* Assets.xcassets in Resources */,
				768DCAE42809F85A0046D2D1 /* EggEating.gif in Resources */,
				768DCAFF280BB4760046D2D1 /* TeenStink.gif in Resources */,
				768DCAF4280B82250046D2D1 /* BabySleep.gif in Resources */,
				768DCAFA280BB4710046D2D1 /* TeenSleep.gif in Resources */,
				768DCAE22809F8550046D2D1 /* BabyCrack.gif in Resources */,
				768DCAEC280A31E90046D2D1 /* poopEgg.gif in Resources */,
				768DCAE62809F85E0046D2D1 /* SleepingEgg.gif in Resources */,
				768DCAE82809F8670046D2D1 /* HeartEgg.gif in Resources */,
				768DCAEA280A21CE0046D2D1 /* Still.gif in Resources */,
				768DCAF3280B82250046D2D1 /* BabyEat.gif in Resources */,
				768DCAFE280BB4760046D2D1 /* TeenEat.gif in Resources */,
				768DCB00280BB4760046D2D1 /* TeenMove.gif in Resources */,
			);
			runOnlyForDeploymentPostprocessing = 0;
		};
		B7CF2D0B2809EA4600D02EFF /* Resources */ = {
			isa = PBXResourcesBuildPhase;
			buildActionMask = 2147483647;
			files = (
				B7CF2D172809EA4700D02EFF /* Assets.xcassets in Resources */,
			);
			runOnlyForDeploymentPostprocessing = 0;
		};
/* End PBXResourcesBuildPhase section */

/* Begin PBXSourcesBuildPhase section */
		B76B70482805E45300CA1DAD /* Sources */ = {
			isa = PBXSourcesBuildPhase;
			buildActionMask = 2147483647;
			files = (
				1A14F14928074602001CA26E /* CreateAmi.swift in Sources */,
				B778043D28061F73009E9FD1 /* DrinkButton.swift in Sources */,
				B778043728061F41009E9FD1 /* StatusBars.swift in Sources */,
				B778043B28061F62009E9FD1 /* SleepButton.swift in Sources */,
				768DCACB2807785F0046D2D1 /* ButtonBar.swift in Sources */,
				1A14F143280631EA001CA26E /* Ami.swift in Sources */,
				B76B70522805E45300CA1DAD /* ContentView.swift in Sources */,
				1A14F1452806336E001CA26E /* RealmManager.swift in Sources */,
				B7A354462808D7B5006067D9 /* InstructionsView.swift in Sources */,
				B76B70502805E45300CA1DAD /* petit_amiApp.swift in Sources */,
				768DCADB28093E840046D2D1 /* GifImage.swift in Sources */,
				B778043928061F59009E9FD1 /* FeedButton.swift in Sources */,
				B778043F28061F8A009E9FD1 /* PetButton.swift in Sources */,
				1A14F147280633B8001CA26E /* NameAmiView.swift in Sources */,
			);
			runOnlyForDeploymentPostprocessing = 0;
		};
		B7CF2D092809EA4600D02EFF /* Sources */ = {
			isa = PBXSourcesBuildPhase;
			buildActionMask = 2147483647;
			files = (
				B7CF2D152809EA4600D02EFF /* petit_ami_widget.swift in Sources */,
			);
			runOnlyForDeploymentPostprocessing = 0;
		};
/* End PBXSourcesBuildPhase section */

/* Begin PBXTargetDependency section */
		B7CF2D1A2809EA4700D02EFF /* PBXTargetDependency */ = {
			isa = PBXTargetDependency;
			target = B7CF2D0C2809EA4600D02EFF /* petit-ami-widgetExtension */;
			targetProxy = B7CF2D192809EA4700D02EFF /* PBXContainerItemProxy */;
		};
/* End PBXTargetDependency section */

/* Begin XCBuildConfiguration section */
		B76B70582805E45600CA1DAD /* Debug */ = {
			isa = XCBuildConfiguration;
			buildSettings = {
				ALWAYS_SEARCH_USER_PATHS = NO;
				CLANG_ANALYZER_NONNULL = YES;
				CLANG_ANALYZER_NUMBER_OBJECT_CONVERSION = YES_AGGRESSIVE;
				CLANG_CXX_LANGUAGE_STANDARD = "gnu++17";
				CLANG_ENABLE_MODULES = YES;
				CLANG_ENABLE_OBJC_ARC = YES;
				CLANG_ENABLE_OBJC_WEAK = YES;
				CLANG_WARN_BLOCK_CAPTURE_AUTORELEASING = YES;
				CLANG_WARN_BOOL_CONVERSION = YES;
				CLANG_WARN_COMMA = YES;
				CLANG_WARN_CONSTANT_CONVERSION = YES;
				CLANG_WARN_DEPRECATED_OBJC_IMPLEMENTATIONS = YES;
				CLANG_WARN_DIRECT_OBJC_ISA_USAGE = YES_ERROR;
				CLANG_WARN_DOCUMENTATION_COMMENTS = YES;
				CLANG_WARN_EMPTY_BODY = YES;
				CLANG_WARN_ENUM_CONVERSION = YES;
				CLANG_WARN_INFINITE_RECURSION = YES;
				CLANG_WARN_INT_CONVERSION = YES;
				CLANG_WARN_NON_LITERAL_NULL_CONVERSION = YES;
				CLANG_WARN_OBJC_IMPLICIT_RETAIN_SELF = YES;
				CLANG_WARN_OBJC_LITERAL_CONVERSION = YES;
				CLANG_WARN_OBJC_ROOT_CLASS = YES_ERROR;
				CLANG_WARN_QUOTED_INCLUDE_IN_FRAMEWORK_HEADER = YES;
				CLANG_WARN_RANGE_LOOP_ANALYSIS = YES;
				CLANG_WARN_STRICT_PROTOTYPES = YES;
				CLANG_WARN_SUSPICIOUS_MOVE = YES;
				CLANG_WARN_UNGUARDED_AVAILABILITY = YES_AGGRESSIVE;
				CLANG_WARN_UNREACHABLE_CODE = YES;
				CLANG_WARN__DUPLICATE_METHOD_MATCH = YES;
				COPY_PHASE_STRIP = NO;
				DEBUG_INFORMATION_FORMAT = dwarf;
				ENABLE_STRICT_OBJC_MSGSEND = YES;
				ENABLE_TESTABILITY = YES;
				GCC_C_LANGUAGE_STANDARD = gnu11;
				GCC_DYNAMIC_NO_PIC = NO;
				GCC_NO_COMMON_BLOCKS = YES;
				GCC_OPTIMIZATION_LEVEL = 0;
				GCC_PREPROCESSOR_DEFINITIONS = (
					"DEBUG=1",
					"$(inherited)",
				);
				GCC_WARN_64_TO_32_BIT_CONVERSION = YES;
				GCC_WARN_ABOUT_RETURN_TYPE = YES_ERROR;
				GCC_WARN_UNDECLARED_SELECTOR = YES;
				GCC_WARN_UNINITIALIZED_AUTOS = YES_AGGRESSIVE;
				GCC_WARN_UNUSED_FUNCTION = YES;
				GCC_WARN_UNUSED_VARIABLE = YES;
				IPHONEOS_DEPLOYMENT_TARGET = 15.4;
				MTL_ENABLE_DEBUG_INFO = INCLUDE_SOURCE;
				MTL_FAST_MATH = YES;
				ONLY_ACTIVE_ARCH = YES;
				SDKROOT = iphoneos;
				SWIFT_ACTIVE_COMPILATION_CONDITIONS = DEBUG;
				SWIFT_OPTIMIZATION_LEVEL = "-Onone";
			};
			name = Debug;
		};
		B76B70592805E45600CA1DAD /* Release */ = {
			isa = XCBuildConfiguration;
			buildSettings = {
				ALWAYS_SEARCH_USER_PATHS = NO;
				CLANG_ANALYZER_NONNULL = YES;
				CLANG_ANALYZER_NUMBER_OBJECT_CONVERSION = YES_AGGRESSIVE;
				CLANG_CXX_LANGUAGE_STANDARD = "gnu++17";
				CLANG_ENABLE_MODULES = YES;
				CLANG_ENABLE_OBJC_ARC = YES;
				CLANG_ENABLE_OBJC_WEAK = YES;
				CLANG_WARN_BLOCK_CAPTURE_AUTORELEASING = YES;
				CLANG_WARN_BOOL_CONVERSION = YES;
				CLANG_WARN_COMMA = YES;
				CLANG_WARN_CONSTANT_CONVERSION = YES;
				CLANG_WARN_DEPRECATED_OBJC_IMPLEMENTATIONS = YES;
				CLANG_WARN_DIRECT_OBJC_ISA_USAGE = YES_ERROR;
				CLANG_WARN_DOCUMENTATION_COMMENTS = YES;
				CLANG_WARN_EMPTY_BODY = YES;
				CLANG_WARN_ENUM_CONVERSION = YES;
				CLANG_WARN_INFINITE_RECURSION = YES;
				CLANG_WARN_INT_CONVERSION = YES;
				CLANG_WARN_NON_LITERAL_NULL_CONVERSION = YES;
				CLANG_WARN_OBJC_IMPLICIT_RETAIN_SELF = YES;
				CLANG_WARN_OBJC_LITERAL_CONVERSION = YES;
				CLANG_WARN_OBJC_ROOT_CLASS = YES_ERROR;
				CLANG_WARN_QUOTED_INCLUDE_IN_FRAMEWORK_HEADER = YES;
				CLANG_WARN_RANGE_LOOP_ANALYSIS = YES;
				CLANG_WARN_STRICT_PROTOTYPES = YES;
				CLANG_WARN_SUSPICIOUS_MOVE = YES;
				CLANG_WARN_UNGUARDED_AVAILABILITY = YES_AGGRESSIVE;
				CLANG_WARN_UNREACHABLE_CODE = YES;
				CLANG_WARN__DUPLICATE_METHOD_MATCH = YES;
				COPY_PHASE_STRIP = NO;
				DEBUG_INFORMATION_FORMAT = "dwarf-with-dsym";
				ENABLE_NS_ASSERTIONS = NO;
				ENABLE_STRICT_OBJC_MSGSEND = YES;
				GCC_C_LANGUAGE_STANDARD = gnu11;
				GCC_NO_COMMON_BLOCKS = YES;
				GCC_WARN_64_TO_32_BIT_CONVERSION = YES;
				GCC_WARN_ABOUT_RETURN_TYPE = YES_ERROR;
				GCC_WARN_UNDECLARED_SELECTOR = YES;
				GCC_WARN_UNINITIALIZED_AUTOS = YES_AGGRESSIVE;
				GCC_WARN_UNUSED_FUNCTION = YES;
				GCC_WARN_UNUSED_VARIABLE = YES;
				IPHONEOS_DEPLOYMENT_TARGET = 15.4;
				MTL_ENABLE_DEBUG_INFO = NO;
				MTL_FAST_MATH = YES;
				SDKROOT = iphoneos;
				SWIFT_COMPILATION_MODE = wholemodule;
				SWIFT_OPTIMIZATION_LEVEL = "-O";
				VALIDATE_PRODUCT = YES;
			};
			name = Release;
		};
		B76B705B2805E45600CA1DAD /* Debug */ = {
			isa = XCBuildConfiguration;
			buildSettings = {
				ALWAYS_EMBED_SWIFT_STANDARD_LIBRARIES = YES;
				ASSETCATALOG_COMPILER_APPICON_NAME = AppIcon;
				ASSETCATALOG_COMPILER_GLOBAL_ACCENT_COLOR_NAME = AccentColor;
				CODE_SIGN_ENTITLEMENTS = "petit-ami/petit-ami.entitlements";
				CODE_SIGN_STYLE = Automatic;
				CURRENT_PROJECT_VERSION = 1;
				DEVELOPMENT_ASSET_PATHS = "\"petit-ami/Preview Content\"";
				ENABLE_PREVIEWS = YES;
				GENERATE_INFOPLIST_FILE = YES;
				INFOPLIST_KEY_UIApplicationSceneManifest_Generation = YES;
				INFOPLIST_KEY_UIApplicationSupportsIndirectInputEvents = YES;
				INFOPLIST_KEY_UILaunchScreen_Generation = YES;
				INFOPLIST_KEY_UISupportedInterfaceOrientations_iPad = "UIInterfaceOrientationPortrait UIInterfaceOrientationPortraitUpsideDown UIInterfaceOrientationLandscapeLeft UIInterfaceOrientationLandscapeRight";
				INFOPLIST_KEY_UISupportedInterfaceOrientations_iPhone = "UIInterfaceOrientationPortrait UIInterfaceOrientationLandscapeLeft UIInterfaceOrientationLandscapeRight";
				LD_RUNPATH_SEARCH_PATHS = (
					"$(inherited)",
					"@executable_path/Frameworks",
				);
				MARKETING_VERSION = 1.0;
				PRODUCT_BUNDLE_IDENTIFIER = "zbrose.petit-ami";
				PRODUCT_NAME = "$(TARGET_NAME)";
				SWIFT_EMIT_LOC_STRINGS = YES;
				SWIFT_VERSION = 5.0;
				TARGETED_DEVICE_FAMILY = "1,2";
			};
			name = Debug;
		};
		B76B705C2805E45600CA1DAD /* Release */ = {
			isa = XCBuildConfiguration;
			buildSettings = {
				ALWAYS_EMBED_SWIFT_STANDARD_LIBRARIES = YES;
				ASSETCATALOG_COMPILER_APPICON_NAME = AppIcon;
				ASSETCATALOG_COMPILER_GLOBAL_ACCENT_COLOR_NAME = AccentColor;
				CODE_SIGN_ENTITLEMENTS = "petit-ami/petit-ami.entitlements";
				CODE_SIGN_STYLE = Automatic;
				CURRENT_PROJECT_VERSION = 1;
				DEVELOPMENT_ASSET_PATHS = "\"petit-ami/Preview Content\"";
				ENABLE_PREVIEWS = YES;
				GENERATE_INFOPLIST_FILE = YES;
				INFOPLIST_KEY_UIApplicationSceneManifest_Generation = YES;
				INFOPLIST_KEY_UIApplicationSupportsIndirectInputEvents = YES;
				INFOPLIST_KEY_UILaunchScreen_Generation = YES;
				INFOPLIST_KEY_UISupportedInterfaceOrientations_iPad = "UIInterfaceOrientationPortrait UIInterfaceOrientationPortraitUpsideDown UIInterfaceOrientationLandscapeLeft UIInterfaceOrientationLandscapeRight";
				INFOPLIST_KEY_UISupportedInterfaceOrientations_iPhone = "UIInterfaceOrientationPortrait UIInterfaceOrientationLandscapeLeft UIInterfaceOrientationLandscapeRight";
				LD_RUNPATH_SEARCH_PATHS = (
					"$(inherited)",
					"@executable_path/Frameworks",
				);
				MARKETING_VERSION = 1.0;
				PRODUCT_BUNDLE_IDENTIFIER = "zbrose.petit-ami";
				PRODUCT_NAME = "$(TARGET_NAME)";
				SWIFT_EMIT_LOC_STRINGS = YES;
				SWIFT_VERSION = 5.0;
				TARGETED_DEVICE_FAMILY = "1,2";
			};
			name = Release;
		};
		B7CF2D1D2809EA4700D02EFF /* Debug */ = {
			isa = XCBuildConfiguration;
			buildSettings = {
				ASSETCATALOG_COMPILER_GLOBAL_ACCENT_COLOR_NAME = AccentColor;
				ASSETCATALOG_COMPILER_WIDGET_BACKGROUND_COLOR_NAME = WidgetBackground;
				CODE_SIGN_STYLE = Automatic;
				CURRENT_PROJECT_VERSION = 1;
				GENERATE_INFOPLIST_FILE = YES;
				INFOPLIST_FILE = "petit-ami-widget/Info.plist";
				INFOPLIST_KEY_CFBundleDisplayName = "petit-ami-widget";
				INFOPLIST_KEY_NSHumanReadableCopyright = "";
				LD_RUNPATH_SEARCH_PATHS = (
					"$(inherited)",
					"@executable_path/Frameworks",
					"@executable_path/../../Frameworks",
				);
				MARKETING_VERSION = 1.0;
				PRODUCT_BUNDLE_IDENTIFIER = "zbrose.petit-ami.petit-ami-widget";
				PRODUCT_NAME = "$(TARGET_NAME)";
				SKIP_INSTALL = YES;
				SWIFT_EMIT_LOC_STRINGS = YES;
				SWIFT_VERSION = 5.0;
				TARGETED_DEVICE_FAMILY = "1,2";
			};
			name = Debug;
		};
		B7CF2D1E2809EA4700D02EFF /* Release */ = {
			isa = XCBuildConfiguration;
			buildSettings = {
				ASSETCATALOG_COMPILER_GLOBAL_ACCENT_COLOR_NAME = AccentColor;
				ASSETCATALOG_COMPILER_WIDGET_BACKGROUND_COLOR_NAME = WidgetBackground;
				CODE_SIGN_STYLE = Automatic;
				CURRENT_PROJECT_VERSION = 1;
				GENERATE_INFOPLIST_FILE = YES;
				INFOPLIST_FILE = "petit-ami-widget/Info.plist";
				INFOPLIST_KEY_CFBundleDisplayName = "petit-ami-widget";
				INFOPLIST_KEY_NSHumanReadableCopyright = "";
				LD_RUNPATH_SEARCH_PATHS = (
					"$(inherited)",
					"@executable_path/Frameworks",
					"@executable_path/../../Frameworks",
				);
				MARKETING_VERSION = 1.0;
				PRODUCT_BUNDLE_IDENTIFIER = "zbrose.petit-ami.petit-ami-widget";
				PRODUCT_NAME = "$(TARGET_NAME)";
				SKIP_INSTALL = YES;
				SWIFT_EMIT_LOC_STRINGS = YES;
				SWIFT_VERSION = 5.0;
				TARGETED_DEVICE_FAMILY = "1,2";
			};
			name = Release;
		};
/* End XCBuildConfiguration section */

/* Begin XCConfigurationList section */
		B76B70472805E45300CA1DAD /* Build configuration list for PBXProject "petit-ami" */ = {
			isa = XCConfigurationList;
			buildConfigurations = (
				B76B70582805E45600CA1DAD /* Debug */,
				B76B70592805E45600CA1DAD /* Release */,
			);
			defaultConfigurationIsVisible = 0;
			defaultConfigurationName = Release;
		};
		B76B705A2805E45600CA1DAD /* Build configuration list for PBXNativeTarget "petit-ami" */ = {
			isa = XCConfigurationList;
			buildConfigurations = (
				B76B705B2805E45600CA1DAD /* Debug */,
				B76B705C2805E45600CA1DAD /* Release */,
			);
			defaultConfigurationIsVisible = 0;
			defaultConfigurationName = Release;
		};
		B7CF2D1F2809EA4700D02EFF /* Build configuration list for PBXNativeTarget "petit-ami-widgetExtension" */ = {
			isa = XCConfigurationList;
			buildConfigurations = (
				B7CF2D1D2809EA4700D02EFF /* Debug */,
				B7CF2D1E2809EA4700D02EFF /* Release */,
			);
			defaultConfigurationIsVisible = 0;
			defaultConfigurationName = Release;
		};
/* End XCConfigurationList section */

/* Begin XCRemoteSwiftPackageReference section */
		B778042F28061CAE009E9FD1 /* XCRemoteSwiftPackageReference "realm-swift" */ = {
			isa = XCRemoteSwiftPackageReference;
			repositoryURL = "https://github.com/realm/realm-swift.git";
			requirement = {
				kind = upToNextMajorVersion;
				minimumVersion = 10.19.0;
			};
		};
/* End XCRemoteSwiftPackageReference section */

/* Begin XCSwiftPackageProductDependency section */
		B778043028061CAE009E9FD1 /* Realm */ = {
			isa = XCSwiftPackageProductDependency;
			package = B778042F28061CAE009E9FD1 /* XCRemoteSwiftPackageReference "realm-swift" */;
			productName = Realm;
		};
		B778043228061CAF009E9FD1 /* RealmSwift */ = {
			isa = XCSwiftPackageProductDependency;
			package = B778042F28061CAE009E9FD1 /* XCRemoteSwiftPackageReference "realm-swift" */;
			productName = RealmSwift;
		};
/* End XCSwiftPackageProductDependency section */
	};
	rootObject = B76B70442805E45300CA1DAD /* Project object */;
}
