// !$*UTF8*$!
{
	archiveVersion = 1;
	classes = {
	};
	objectVersion = 55;
	objects = {

/* Begin PBXBuildFile section */
		1A14F143280631EA001CA26E /* Ami.swift in Sources */ = {isa = PBXBuildFile; fileRef = 1A14F142280631EA001CA26E /* Ami.swift */; };
		1A14F1452806336E001CA26E /* RealmManager.swift in Sources */ = {isa = PBXBuildFile; fileRef = 1A14F1442806336E001CA26E /* RealmManager.swift */; };
		1A14F147280633B8001CA26E /* NameAmiView.swift in Sources */ = {isa = PBXBuildFile; fileRef = 1A14F146280633B8001CA26E /* NameAmiView.swift */; };
		1A14F14928074602001CA26E /* CreateAmi.swift in Sources */ = {isa = PBXBuildFile; fileRef = 1A14F14828074602001CA26E /* CreateAmi.swift */; };
		768DCAC9280774910046D2D1 /* PlayArea.swift in Sources */ = {isa = PBXBuildFile; fileRef = 768DCAC8280774910046D2D1 /* PlayArea.swift */; };
		768DCACB2807785F0046D2D1 /* ButtonBar.swift in Sources */ = {isa = PBXBuildFile; fileRef = 768DCACA2807785F0046D2D1 /* ButtonBar.swift */; };
		B76B70502805E45300CA1DAD /* petit_amiApp.swift in Sources */ = {isa = PBXBuildFile; fileRef = B76B704F2805E45300CA1DAD /* petit_amiApp.swift */; };
		B76B70522805E45300CA1DAD /* ContentView.swift in Sources */ = {isa = PBXBuildFile; fileRef = B76B70512805E45300CA1DAD /* ContentView.swift */; };
		B76B70542805E45600CA1DAD /* Assets.xcassets in Resources */ = {isa = PBXBuildFile; fileRef = B76B70532805E45600CA1DAD /* Assets.xcassets */; };
		B76B70572805E45600CA1DAD /* Preview Assets.xcassets in Resources */ = {isa = PBXBuildFile; fileRef = B76B70562805E45600CA1DAD /* Preview Assets.xcassets */; };
		B76B705E2805E76900CA1DAD /* README.md in Resources */ = {isa = PBXBuildFile; fileRef = B76B705D2805E76900CA1DAD /* README.md */; };
		B778043128061CAE009E9FD1 /* Realm in Frameworks */ = {isa = PBXBuildFile; productRef = B778043028061CAE009E9FD1 /* Realm */; };
		B778043328061CAF009E9FD1 /* RealmSwift in Frameworks */ = {isa = PBXBuildFile; productRef = B778043228061CAF009E9FD1 /* RealmSwift */; };
		B778043728061F41009E9FD1 /* StatusBars.swift in Sources */ = {isa = PBXBuildFile; fileRef = B778043628061F41009E9FD1 /* StatusBars.swift */; };
		B778043928061F59009E9FD1 /* FeedButton.swift in Sources */ = {isa = PBXBuildFile; fileRef = B778043828061F59009E9FD1 /* FeedButton.swift */; };
		B778043B28061F62009E9FD1 /* SleepButton.swift in Sources */ = {isa = PBXBuildFile; fileRef = B778043A28061F62009E9FD1 /* SleepButton.swift */; };
		B778043D28061F73009E9FD1 /* DrinkButton.swift in Sources */ = {isa = PBXBuildFile; fileRef = B778043C28061F73009E9FD1 /* DrinkButton.swift */; };
		B778043F28061F8A009E9FD1 /* PetButton.swift in Sources */ = {isa = PBXBuildFile; fileRef = B778043E28061F8A009E9FD1 /* PetButton.swift */; };
/* End PBXBuildFile section */

/* Begin PBXFileReference section */
		1A14F142280631EA001CA26E /* Ami.swift */ = {isa = PBXFileReference; lastKnownFileType = sourcecode.swift; path = Ami.swift; sourceTree = "<group>"; };
		1A14F1442806336E001CA26E /* RealmManager.swift */ = {isa = PBXFileReference; lastKnownFileType = sourcecode.swift; path = RealmManager.swift; sourceTree = "<group>"; };
		1A14F146280633B8001CA26E /* NameAmiView.swift */ = {isa = PBXFileReference; lastKnownFileType = sourcecode.swift; path = NameAmiView.swift; sourceTree = "<group>"; };
		1A14F14828074602001CA26E /* CreateAmi.swift */ = {isa = PBXFileReference; lastKnownFileType = sourcecode.swift; path = CreateAmi.swift; sourceTree = "<group>"; };
		1AAA3A5C2805E749006318D3 /* README.md */ = {isa = PBXFileReference; fileEncoding = 4; lastKnownFileType = net.daringfireball.markdown; path = README.md; sourceTree = "<group>"; };
		768DCAC8280774910046D2D1 /* PlayArea.swift */ = {isa = PBXFileReference; lastKnownFileType = sourcecode.swift; path = PlayArea.swift; sourceTree = "<group>"; };
		768DCACA2807785F0046D2D1 /* ButtonBar.swift */ = {isa = PBXFileReference; lastKnownFileType = sourcecode.swift; path = ButtonBar.swift; sourceTree = "<group>"; };
		B76B704C2805E45300CA1DAD /* petit-ami.app */ = {isa = PBXFileReference; explicitFileType = wrapper.application; includeInIndex = 0; path = "petit-ami.app"; sourceTree = BUILT_PRODUCTS_DIR; };
		B76B704F2805E45300CA1DAD /* petit_amiApp.swift */ = {isa = PBXFileReference; lastKnownFileType = sourcecode.swift; path = petit_amiApp.swift; sourceTree = "<group>"; };
		B76B70512805E45300CA1DAD /* ContentView.swift */ = {isa = PBXFileReference; lastKnownFileType = sourcecode.swift; path = ContentView.swift; sourceTree = "<group>"; };
		B76B70532805E45600CA1DAD /* Assets.xcassets */ = {isa = PBXFileReference; lastKnownFileType = folder.assetcatalog; path = Assets.xcassets; sourceTree = "<group>"; };
		B76B70562805E45600CA1DAD /* Preview Assets.xcassets */ = {isa = PBXFileReference; lastKnownFileType = folder.assetcatalog; path = "Preview Assets.xcassets"; sourceTree = "<group>"; };
		B76B705D2805E76900CA1DAD /* README.md */ = {isa = PBXFileReference; fileEncoding = 4; lastKnownFileType = net.daringfireball.markdown; path = README.md; sourceTree = SOURCE_ROOT; };
		B778043628061F41009E9FD1 /* StatusBars.swift */ = {isa = PBXFileReference; lastKnownFileType = sourcecode.swift; path = StatusBars.swift; sourceTree = "<group>"; };
		B778043828061F59009E9FD1 /* FeedButton.swift */ = {isa = PBXFileReference; lastKnownFileType = sourcecode.swift; path = FeedButton.swift; sourceTree = "<group>"; };
		B778043A28061F62009E9FD1 /* SleepButton.swift */ = {isa = PBXFileReference; lastKnownFileType = sourcecode.swift; path = SleepButton.swift; sourceTree = "<group>"; };
		B778043C28061F73009E9FD1 /* DrinkButton.swift */ = {isa = PBXFileReference; lastKnownFileType = sourcecode.swift; path = DrinkButton.swift; sourceTree = "<group>"; };
		B778043E28061F8A009E9FD1 /* PetButton.swift */ = {isa = PBXFileReference; lastKnownFileType = sourcecode.swift; path = PetButton.swift; sourceTree = "<group>"; };
/* End PBXFileReference section */

/* Begin PBXFrameworksBuildPhase section */
		B76B70492805E45300CA1DAD /* Frameworks */ = {
			isa = PBXFrameworksBuildPhase;
			buildActionMask = 2147483647;
			files = (
				B778043328061CAF009E9FD1 /* RealmSwift in Frameworks */,
				B778043128061CAE009E9FD1 /* Realm in Frameworks */,
			);
			runOnlyForDeploymentPostprocessing = 0;
		};
/* End PBXFrameworksBuildPhase section */

/* Begin PBXGroup section */
		B76B70432805E45300CA1DAD = {
			isa = PBXGroup;
			children = (
				1AAA3A5C2805E749006318D3 /* README.md */,
				B76B704E2805E45300CA1DAD /* petit-ami */,
				B76B704D2805E45300CA1DAD /* Products */,
			);
			sourceTree = "<group>";
		};
		B76B704D2805E45300CA1DAD /* Products */ = {
			isa = PBXGroup;
			children = (
				B76B704C2805E45300CA1DAD /* petit-ami.app */,
			);
			name = Products;
			sourceTree = "<group>";
		};
		B76B704E2805E45300CA1DAD /* petit-ami */ = {
			isa = PBXGroup;
			children = (
				B778043528061EDA009E9FD1 /* Components */,
				B778043428061ECD009E9FD1 /* Views */,
				B76B705D2805E76900CA1DAD /* README.md */,
				B76B704F2805E45300CA1DAD /* petit_amiApp.swift */,
				B76B70532805E45600CA1DAD /* Assets.xcassets */,
				B76B70552805E45600CA1DAD /* Preview Content */,
				1A14F142280631EA001CA26E /* Ami.swift */,
				1A14F1442806336E001CA26E /* RealmManager.swift */,
			);
			path = "petit-ami";
			sourceTree = "<group>";
		};
		B76B70552805E45600CA1DAD /* Preview Content */ = {
			isa = PBXGroup;
			children = (
				B76B70562805E45600CA1DAD /* Preview Assets.xcassets */,
			);
			path = "Preview Content";
			sourceTree = "<group>";
		};
		B778043428061ECD009E9FD1 /* Views */ = {
			isa = PBXGroup;
			children = (
				B76B70512805E45300CA1DAD /* ContentView.swift */,
				1A14F146280633B8001CA26E /* NameAmiView.swift */,
			);
			path = Views;
			sourceTree = "<group>";
		};
		B778043528061EDA009E9FD1 /* Components */ = {
			isa = PBXGroup;
			children = (
				B778043628061F41009E9FD1 /* StatusBars.swift */,
				B778043828061F59009E9FD1 /* FeedButton.swift */,
				B778043A28061F62009E9FD1 /* SleepButton.swift */,
				B778043C28061F73009E9FD1 /* DrinkButton.swift */,
				B778043E28061F8A009E9FD1 /* PetButton.swift */,
				1A14F14828074602001CA26E /* CreateAmi.swift */,
				768DCAC8280774910046D2D1 /* PlayArea.swift */,
				768DCACA2807785F0046D2D1 /* ButtonBar.swift */,
			);
			path = Components;
			sourceTree = "<group>";
		};
/* End PBXGroup section */

/* Begin PBXNativeTarget section */
		B76B704B2805E45300CA1DAD /* petit-ami */ = {
			isa = PBXNativeTarget;
			buildConfigurationList = B76B705A2805E45600CA1DAD /* Build configuration list for PBXNativeTarget "petit-ami" */;
			buildPhases = (
				B76B70482805E45300CA1DAD /* Sources */,
				B76B70492805E45300CA1DAD /* Frameworks */,
				B76B704A2805E45300CA1DAD /* Resources */,
			);
			buildRules = (
			);
			dependencies = (
			);
			name = "petit-ami";
			packageProductDependencies = (
				B778043028061CAE009E9FD1 /* Realm */,
				B778043228061CAF009E9FD1 /* RealmSwift */,
			);
			productName = "petit-ami";
			productReference = B76B704C2805E45300CA1DAD /* petit-ami.app */;
			productType = "com.apple.product-type.application";
		};
/* End PBXNativeTarget section */

/* Begin PBXProject section */
		B76B70442805E45300CA1DAD /* Project object */ = {
			isa = PBXProject;
			attributes = {
				BuildIndependentTargetsInParallel = 1;
				LastSwiftUpdateCheck = 1330;
				LastUpgradeCheck = 1330;
				TargetAttributes = {
					B76B704B2805E45300CA1DAD = {
						CreatedOnToolsVersion = 13.3.1;
					};
				};
			};
			buildConfigurationList = B76B70472805E45300CA1DAD /* Build configuration list for PBXProject "petit-ami" */;
			compatibilityVersion = "Xcode 13.0";
			developmentRegion = en;
			hasScannedForEncodings = 0;
			knownRegions = (
				en,
				Base,
			);
			mainGroup = B76B70432805E45300CA1DAD;
			packageReferences = (
				B778042F28061CAE009E9FD1 /* XCRemoteSwiftPackageReference "realm-swift" */,
			);
			productRefGroup = B76B704D2805E45300CA1DAD /* Products */;
			projectDirPath = "";
			projectRoot = "";
			targets = (
				B76B704B2805E45300CA1DAD /* petit-ami */,
			);
		};
/* End PBXProject section */

/* Begin PBXResourcesBuildPhase section */
		B76B704A2805E45300CA1DAD /* Resources */ = {
			isa = PBXResourcesBuildPhase;
			buildActionMask = 2147483647;
			files = (
				B76B705E2805E76900CA1DAD /* README.md in Resources */,
				B76B70572805E45600CA1DAD /* Preview Assets.xcassets in Resources */,
				B76B70542805E45600CA1DAD /* Assets.xcassets in Resources */,
			);
			runOnlyForDeploymentPostprocessing = 0;
		};
/* End PBXResourcesBuildPhase section */

/* Begin PBXSourcesBuildPhase section */
		B76B70482805E45300CA1DAD /* Sources */ = {
			isa = PBXSourcesBuildPhase;
			buildActionMask = 2147483647;
			files = (
				1A14F14928074602001CA26E /* CreateAmi.swift in Sources */,
				B778043D28061F73009E9FD1 /* DrinkButton.swift in Sources */,
				B778043728061F41009E9FD1 /* StatusBars.swift in Sources */,
				B778043B28061F62009E9FD1 /* SleepButton.swift in Sources */,
				768DCACB2807785F0046D2D1 /* ButtonBar.swift in Sources */,
				768DCAC9280774910046D2D1 /* PlayArea.swift in Sources */,
				1A14F143280631EA001CA26E /* Ami.swift in Sources */,
				B76B70522805E45300CA1DAD /* ContentView.swift in Sources */,
				1A14F1452806336E001CA26E /* RealmManager.swift in Sources */,
				B76B70502805E45300CA1DAD /* petit_amiApp.swift in Sources */,
				B778043928061F59009E9FD1 /* FeedButton.swift in Sources */,
				B778043F28061F8A009E9FD1 /* PetButton.swift in Sources */,
				1A14F147280633B8001CA26E /* NameAmiView.swift in Sources */,
			);
			runOnlyForDeploymentPostprocessing = 0;
		};
/* End PBXSourcesBuildPhase section */

/* Begin XCBuildConfiguration section */
		B76B70582805E45600CA1DAD /* Debug */ = {
			isa = XCBuildConfiguration;
			buildSettings = {
				ALWAYS_SEARCH_USER_PATHS = NO;
				CLANG_ANALYZER_NONNULL = YES;
				CLANG_ANALYZER_NUMBER_OBJECT_CONVERSION = YES_AGGRESSIVE;
				CLANG_CXX_LANGUAGE_STANDARD = "gnu++17";
				CLANG_ENABLE_MODULES = YES;
				CLANG_ENABLE_OBJC_ARC = YES;
				CLANG_ENABLE_OBJC_WEAK = YES;
				CLANG_WARN_BLOCK_CAPTURE_AUTORELEASING = YES;
				CLANG_WARN_BOOL_CONVERSION = YES;
				CLANG_WARN_COMMA = YES;
				CLANG_WARN_CONSTANT_CONVERSION = YES;
				CLANG_WARN_DEPRECATED_OBJC_IMPLEMENTATIONS = YES;
				CLANG_WARN_DIRECT_OBJC_ISA_USAGE = YES_ERROR;
				CLANG_WARN_DOCUMENTATION_COMMENTS = YES;
				CLANG_WARN_EMPTY_BODY = YES;
				CLANG_WARN_ENUM_CONVERSION = YES;
				CLANG_WARN_INFINITE_RECURSION = YES;
				CLANG_WARN_INT_CONVERSION = YES;
				CLANG_WARN_NON_LITERAL_NULL_CONVERSION = YES;
				CLANG_WARN_OBJC_IMPLICIT_RETAIN_SELF = YES;
				CLANG_WARN_OBJC_LITERAL_CONVERSION = YES;
				CLANG_WARN_OBJC_ROOT_CLASS = YES_ERROR;
				CLANG_WARN_QUOTED_INCLUDE_IN_FRAMEWORK_HEADER = YES;
				CLANG_WARN_RANGE_LOOP_ANALYSIS = YES;
				CLANG_WARN_STRICT_PROTOTYPES = YES;
				CLANG_WARN_SUSPICIOUS_MOVE = YES;
				CLANG_WARN_UNGUARDED_AVAILABILITY = YES_AGGRESSIVE;
				CLANG_WARN_UNREACHABLE_CODE = YES;
				CLANG_WARN__DUPLICATE_METHOD_MATCH = YES;
				COPY_PHASE_STRIP = NO;
				DEBUG_INFORMATION_FORMAT = dwarf;
				ENABLE_STRICT_OBJC_MSGSEND = YES;
				ENABLE_TESTABILITY = YES;
				GCC_C_LANGUAGE_STANDARD = gnu11;
				GCC_DYNAMIC_NO_PIC = NO;
				GCC_NO_COMMON_BLOCKS = YES;
				GCC_OPTIMIZATION_LEVEL = 0;
				GCC_PREPROCESSOR_DEFINITIONS = (
					"DEBUG=1",
					"$(inherited)",
				);
				GCC_WARN_64_TO_32_BIT_CONVERSION = YES;
				GCC_WARN_ABOUT_RETURN_TYPE = YES_ERROR;
				GCC_WARN_UNDECLARED_SELECTOR = YES;
				GCC_WARN_UNINITIALIZED_AUTOS = YES_AGGRESSIVE;
				GCC_WARN_UNUSED_FUNCTION = YES;
				GCC_WARN_UNUSED_VARIABLE = YES;
				IPHONEOS_DEPLOYMENT_TARGET = 15.4;
				MTL_ENABLE_DEBUG_INFO = INCLUDE_SOURCE;
				MTL_FAST_MATH = YES;
				ONLY_ACTIVE_ARCH = YES;
				SDKROOT = iphoneos;
				SWIFT_ACTIVE_COMPILATION_CONDITIONS = DEBUG;
				SWIFT_OPTIMIZATION_LEVEL = "-Onone";
			};
			name = Debug;
		};
		B76B70592805E45600CA1DAD /* Release */ = {
			isa = XCBuildConfiguration;
			buildSettings = {
				ALWAYS_SEARCH_USER_PATHS = NO;
				CLANG_ANALYZER_NONNULL = YES;
				CLANG_ANALYZER_NUMBER_OBJECT_CONVERSION = YES_AGGRESSIVE;
				CLANG_CXX_LANGUAGE_STANDARD = "gnu++17";
				CLANG_ENABLE_MODULES = YES;
				CLANG_ENABLE_OBJC_ARC = YES;
				CLANG_ENABLE_OBJC_WEAK = YES;
				CLANG_WARN_BLOCK_CAPTURE_AUTORELEASING = YES;
				CLANG_WARN_BOOL_CONVERSION = YES;
				CLANG_WARN_COMMA = YES;
				CLANG_WARN_CONSTANT_CONVERSION = YES;
				CLANG_WARN_DEPRECATED_OBJC_IMPLEMENTATIONS = YES;
				CLANG_WARN_DIRECT_OBJC_ISA_USAGE = YES_ERROR;
				CLANG_WARN_DOCUMENTATION_COMMENTS = YES;
				CLANG_WARN_EMPTY_BODY = YES;
				CLANG_WARN_ENUM_CONVERSION = YES;
				CLANG_WARN_INFINITE_RECURSION = YES;
				CLANG_WARN_INT_CONVERSION = YES;
				CLANG_WARN_NON_LITERAL_NULL_CONVERSION = YES;
				CLANG_WARN_OBJC_IMPLICIT_RETAIN_SELF = YES;
				CLANG_WARN_OBJC_LITERAL_CONVERSION = YES;
				CLANG_WARN_OBJC_ROOT_CLASS = YES_ERROR;
				CLANG_WARN_QUOTED_INCLUDE_IN_FRAMEWORK_HEADER = YES;
				CLANG_WARN_RANGE_LOOP_ANALYSIS = YES;
				CLANG_WARN_STRICT_PROTOTYPES = YES;
				CLANG_WARN_SUSPICIOUS_MOVE = YES;
				CLANG_WARN_UNGUARDED_AVAILABILITY = YES_AGGRESSIVE;
				CLANG_WARN_UNREACHABLE_CODE = YES;
				CLANG_WARN__DUPLICATE_METHOD_MATCH = YES;
				COPY_PHASE_STRIP = NO;
				DEBUG_INFORMATION_FORMAT = "dwarf-with-dsym";
				ENABLE_NS_ASSERTIONS = NO;
				ENABLE_STRICT_OBJC_MSGSEND = YES;
				GCC_C_LANGUAGE_STANDARD = gnu11;
				GCC_NO_COMMON_BLOCKS = YES;
				GCC_WARN_64_TO_32_BIT_CONVERSION = YES;
				GCC_WARN_ABOUT_RETURN_TYPE = YES_ERROR;
				GCC_WARN_UNDECLARED_SELECTOR = YES;
				GCC_WARN_UNINITIALIZED_AUTOS = YES_AGGRESSIVE;
				GCC_WARN_UNUSED_FUNCTION = YES;
				GCC_WARN_UNUSED_VARIABLE = YES;
				IPHONEOS_DEPLOYMENT_TARGET = 15.4;
				MTL_ENABLE_DEBUG_INFO = NO;
				MTL_FAST_MATH = YES;
				SDKROOT = iphoneos;
				SWIFT_COMPILATION_MODE = wholemodule;
				SWIFT_OPTIMIZATION_LEVEL = "-O";
				VALIDATE_PRODUCT = YES;
			};
			name = Release;
		};
		B76B705B2805E45600CA1DAD /* Debug */ = {
			isa = XCBuildConfiguration;
			buildSettings = {
				ASSETCATALOG_COMPILER_APPICON_NAME = AppIcon;
				ASSETCATALOG_COMPILER_GLOBAL_ACCENT_COLOR_NAME = AccentColor;
				CODE_SIGN_STYLE = Automatic;
				CURRENT_PROJECT_VERSION = 1;
				DEVELOPMENT_ASSET_PATHS = "\"petit-ami/Preview Content\"";
				ENABLE_PREVIEWS = YES;
				GENERATE_INFOPLIST_FILE = YES;
				INFOPLIST_KEY_UIApplicationSceneManifest_Generation = YES;
				INFOPLIST_KEY_UIApplicationSupportsIndirectInputEvents = YES;
				INFOPLIST_KEY_UILaunchScreen_Generation = YES;
				INFOPLIST_KEY_UISupportedInterfaceOrientations_iPad = "UIInterfaceOrientationPortrait UIInterfaceOrientationPortraitUpsideDown UIInterfaceOrientationLandscapeLeft UIInterfaceOrientationLandscapeRight";
				INFOPLIST_KEY_UISupportedInterfaceOrientations_iPhone = "UIInterfaceOrientationPortrait UIInterfaceOrientationLandscapeLeft UIInterfaceOrientationLandscapeRight";
				LD_RUNPATH_SEARCH_PATHS = (
					"$(inherited)",
					"@executable_path/Frameworks",
				);
				MARKETING_VERSION = 1.0;
				PRODUCT_BUNDLE_IDENTIFIER = "zbrose.petit-ami";
				PRODUCT_NAME = "$(TARGET_NAME)";
				SWIFT_EMIT_LOC_STRINGS = YES;
				SWIFT_VERSION = 5.0;
				TARGETED_DEVICE_FAMILY = "1,2";
			};
			name = Debug;
		};
		B76B705C2805E45600CA1DAD /* Release */ = {
			isa = XCBuildConfiguration;
			buildSettings = {
				ASSETCATALOG_COMPILER_APPICON_NAME = AppIcon;
				ASSETCATALOG_COMPILER_GLOBAL_ACCENT_COLOR_NAME = AccentColor;
				CODE_SIGN_STYLE = Automatic;
				CURRENT_PROJECT_VERSION = 1;
				DEVELOPMENT_ASSET_PATHS = "\"petit-ami/Preview Content\"";
				ENABLE_PREVIEWS = YES;
				GENERATE_INFOPLIST_FILE = YES;
				INFOPLIST_KEY_UIApplicationSceneManifest_Generation = YES;
				INFOPLIST_KEY_UIApplicationSupportsIndirectInputEvents = YES;
				INFOPLIST_KEY_UILaunchScreen_Generation = YES;
				INFOPLIST_KEY_UISupportedInterfaceOrientations_iPad = "UIInterfaceOrientationPortrait UIInterfaceOrientationPortraitUpsideDown UIInterfaceOrientationLandscapeLeft UIInterfaceOrientationLandscapeRight";
				INFOPLIST_KEY_UISupportedInterfaceOrientations_iPhone = "UIInterfaceOrientationPortrait UIInterfaceOrientationLandscapeLeft UIInterfaceOrientationLandscapeRight";
				LD_RUNPATH_SEARCH_PATHS = (
					"$(inherited)",
					"@executable_path/Frameworks",
				);
				MARKETING_VERSION = 1.0;
				PRODUCT_BUNDLE_IDENTIFIER = "zbrose.petit-ami";
				PRODUCT_NAME = "$(TARGET_NAME)";
				SWIFT_EMIT_LOC_STRINGS = YES;
				SWIFT_VERSION = 5.0;
				TARGETED_DEVICE_FAMILY = "1,2";
			};
			name = Release;
		};
/* End XCBuildConfiguration section */

/* Begin XCConfigurationList section */
		B76B70472805E45300CA1DAD /* Build configuration list for PBXProject "petit-ami" */ = {
			isa = XCConfigurationList;
			buildConfigurations = (
				B76B70582805E45600CA1DAD /* Debug */,
				B76B70592805E45600CA1DAD /* Release */,
			);
			defaultConfigurationIsVisible = 0;
			defaultConfigurationName = Release;
		};
		B76B705A2805E45600CA1DAD /* Build configuration list for PBXNativeTarget "petit-ami" */ = {
			isa = XCConfigurationList;
			buildConfigurations = (
				B76B705B2805E45600CA1DAD /* Debug */,
				B76B705C2805E45600CA1DAD /* Release */,
			);
			defaultConfigurationIsVisible = 0;
			defaultConfigurationName = Release;
		};
/* End XCConfigurationList section */

/* Begin XCRemoteSwiftPackageReference section */
		B778042F28061CAE009E9FD1 /* XCRemoteSwiftPackageReference "realm-swift" */ = {
			isa = XCRemoteSwiftPackageReference;
			repositoryURL = "https://github.com/realm/realm-swift.git";
			requirement = {
				kind = upToNextMajorVersion;
				minimumVersion = 10.19.0;
			};
		};
/* End XCRemoteSwiftPackageReference section */

/* Begin XCSwiftPackageProductDependency section */
		B778043028061CAE009E9FD1 /* Realm */ = {
			isa = XCSwiftPackageProductDependency;
			package = B778042F28061CAE009E9FD1 /* XCRemoteSwiftPackageReference "realm-swift" */;
			productName = Realm;
		};
		B778043228061CAF009E9FD1 /* RealmSwift */ = {
			isa = XCSwiftPackageProductDependency;
			package = B778042F28061CAE009E9FD1 /* XCRemoteSwiftPackageReference "realm-swift" */;
			productName = RealmSwift;
		};
/* End XCSwiftPackageProductDependency section */
	};
	rootObject = B76B70442805E45300CA1DAD /* Project object */;
}
